
Microsoft Visual Studio Solution File, Format Version 12.00
# Visual Studio 2013
VisualStudioVersion = 12.0.31101.0
MinimumVisualStudioVersion = 10.0.40219.1
Project("{FAE04EC0-301F-11D3-BF4B-00C04F79EFBC}") = "BSUI", "BSUI\BSUI.csproj", "{2D2D861B-D648-430E-867D-7EE01299A625}"
EndProject
Project("{FAE04EC0-301F-11D3-BF4B-00C04F79EFBC}") = "BSEntities", "BSEntities\BSEntities.csproj", "{81679545-802A-4EF6-8A09-214EB575302D}"
EndProject
Project("{FAE04EC0-301F-11D3-BF4B-00C04F79EFBC}") = "BSDAL", "BSDAL\BSDAL.csproj", "{27EE17A1-69DC-4866-A84B-3AC05820A91A}"
EndProject
Global
	GlobalSection(SolutionConfigurationPlatforms) = preSolution
		Debug|Any CPU = Debug|Any CPU
		Release|Any CPU = Release|Any CPU
	EndGlobalSection
	GlobalSection(ProjectConfigurationPlatforms) = postSolution
		{2D2D861B-D648-430E-867D-7EE01299A625}.Debug|Any CPU.ActiveCfg = Debug|Any CPU
		{2D2D861B-D648-430E-867D-7EE01299A625}.Debug|Any CPU.Build.0 = Debug|Any CPU
		{2D2D861B-D648-430E-867D-7EE01299A625}.Release|Any CPU.ActiveCfg = Release|Any CPU
		{2D2D861B-D648-430E-867D-7EE01299A625}.Release|Any CPU.Build.0 = Release|Any CPU
		{81679545-802A-4EF6-8A09-214EB575302D}.Debug|Any CPU.ActiveCfg = Debug|Any CPU
		{81679545-802A-4EF6-8A09-214EB575302D}.Debug|Any CPU.Build.0 = Debug|Any CPU
		{81679545-802A-4EF6-8A09-214EB575302D}.Release|Any CPU.ActiveCfg = Release|Any CPU
		{81679545-802A-4EF6-8A09-214EB575302D}.Release|Any CPU.Build.0 = Release|Any CPU
		{27EE17A1-69DC-4866-A84B-3AC05820A91A}.Debug|Any CPU.ActiveCfg = Debug|Any CPU
		{27EE17A1-69DC-4866-A84B-3AC05820A91A}.Debug|Any CPU.Build.0 = Debug|Any CPU
		{27EE17A1-69DC-4866-A84B-3AC05820A91A}.Release|Any CPU.ActiveCfg = Release|Any CPU
		{27EE17A1-69DC-4866-A84B-3AC05820A91A}.Release|Any CPU.Build.0 = Release|Any CPU
	EndGlobalSection
	GlobalSection(SolutionProperties) = preSolution
		HideSolutionNode = FALSE
	EndGlobalSection
EndGlobal
